#MicroXplorer Configuration settings - do not modify
Mcu.Family=STM32F4
ProjectManager.MainLocation=Core/Src
PA6.Mode=Full_Duplex_Master
PC7.GPIOParameters=GPIO_Label
USART2.IPParameters=VirtualMode
RCC.CortexFreq_Value=84000000
SPI3.Direction=SPI_DIRECTION_2LINES
SPI3.VirtualType=VM_MASTER
ProjectManager.KeepUserCode=true
Mcu.UserName=STM32F411RETx
SPI1.VirtualType=VM_MASTER
SPI2.VirtualType=VM_MASTER
PA10.GPIO_PuPd=GPIO_NOPULL
USART1.BaudRate=9600
RCC.PLLCLKFreq_Value=84000000
PA14.GPIO_Label=TCK
RCC.PLLQCLKFreq_Value=84000000
PC7.Locked=true
ProjectManager.functionlistsort=1-MX_GPIO_Init-GPIO-false-HAL-true,2-SystemClock_Config-RCC-false-HAL-false,3-MX_USART2_UART_Init-USART2-false-HAL-true,4-MX_SPI1_Init-SPI1-false-HAL-true,5-MX_SPI3_Init-SPI3-false-HAL-true,6-MX_SPI2_Init-SPI2-false-HAL-true,7-MX_FATFS_Init-FATFS-false-HAL-false,8-MX_USART1_UART_Init-USART1-false-HAL-true
PA9.GPIOParameters=GPIO_PuPd
VP_RTC_VS_RTC_Activate.Mode=RTC_Enabled
RCC.RTCFreq_Value=32768
PA3.GPIOParameters=GPIO_Label
VP_RTC_VS_RTC_Calendar.Signal=RTC_VS_RTC_Calendar
USART1.IPParameters=VirtualMode,BaudRate
PB13.Signal=SPI2_SCK
PB15.Signal=SPI2_MOSI
PA2.GPIOParameters=GPIO_Label
PinOutPanel.RotationAngle=0
RCC.SYSCLKSource=RCC_SYSCLKSOURCE_PLLCLK
ProjectManager.StackSize=0x400
SH.GPXTI13.0=GPIO_EXTI13
Mcu.IP4=SPI1
RCC.FCLKCortexFreq_Value=84000000
Mcu.IP5=SPI2
NVIC.SVCall_IRQn=true\:0\:0\:false\:false\:true\:false\:false
Mcu.IP2=RCC
Mcu.IP3=RTC
Mcu.IP0=FATFS
Mcu.IP1=NVIC
Mcu.UserConstants=
PH0\ -\ OSC_IN.Signal=RCC_OSC_IN
RCC.RCC_RTC_Clock_Source=RCC_RTCCLKSOURCE_LSE
SH.GPXTI13.ConfNb=1
PH0\ -\ OSC_IN.Locked=true
Mcu.ThirdPartyNb=0
SPI1.Direction=SPI_DIRECTION_2LINES
RCC.HCLKFreq_Value=84000000
Mcu.IPNb=10
RCC.I2SClocksFreq_Value=96000000
ProjectManager.PreviousToolchain=STM32CubeIDE
RCC.APB2TimFreq_Value=84000000
RCC.VcooutputI2S=96000000
PC7.Signal=GPIO_Output
SPI1.CalculateBaudRate=10.5 MBits/s
PA8.GPIOParameters=GPIO_Label,GPIO_ModeDefaultEXTI
Mcu.Pin6=PA1
Mcu.Pin7=PA2
Mcu.Pin8=PA3
Mcu.Pin9=PA5
RCC.AHBFreq_Value=84000000
Mcu.Pin0=PC13-ANTI_TAMP
Mcu.Pin1=PC14-OSC32_IN
GPIO.groupedBy=Group By Peripherals
Mcu.Pin2=PC15-OSC32_OUT
Mcu.Pin3=PH0 - OSC_IN
PA0-WKUP.GPIOParameters=GPIO_Label
Mcu.Pin4=PH1 - OSC_OUT
Mcu.Pin5=PA0-WKUP
ProjectManager.ProjectBuild=false
RCC.HSE_VALUE=8000000
NVIC.UsageFault_IRQn=true\:0\:0\:false\:false\:true\:true\:false
NVIC.DebugMonitor_IRQn=true\:0\:0\:false\:false\:true\:true\:false
PB3.Mode=Full_Duplex_Master
PA8.Locked=true
PC13-ANTI_TAMP.Signal=GPXTI13
NVIC.SysTick_IRQn=true\:0\:0\:true\:false\:true\:true\:true
ProjectManager.FirmwarePackage=STM32Cube FW_F4 V1.25.1
MxDb.Version=DB.6.0.0
PA1.GPIOParameters=GPIO_Label
PB4.Mode=Full_Duplex_Master
ProjectManager.BackupPrevious=false
PC14-OSC32_IN.Mode=LSE-External-Oscillator
RCC.VCOInputFreq_Value=1000000
PA14.Mode=Serial_Wire
PB14.Mode=Full_Duplex_Master
PB1.GPIO_Label=SD_CS
PB5.Mode=Full_Duplex_Master
File.Version=6
SPI2.CalculateBaudRate=21.0 MBits/s
PA8.Signal=GPXTI8
NVIC.PendSV_IRQn=true\:0\:0\:false\:false\:true\:false\:false
ProjectManager.HalAssertFull=false
ProjectManager.ProjectName=Projekt_Rej_Tre
RCC.FLatency-AdvancedSettings=FLASH_LATENCY_2
PA13.GPIOParameters=GPIO_Label
RCC.MCO2PinFreq_Value=84000000
Mcu.Package=LQFP64
PB1.Signal=GPIO_Output
PA6.Signal=SPI1_MISO
SPI2.Mode=SPI_MODE_MASTER
VP_FATFS_VS_Generic.Signal=FATFS_VS_Generic
SPI3.Mode=SPI_MODE_MASTER
PA8.GPIO_ModeDefaultEXTI=GPIO_MODE_IT_FALLING
SH.GPXTI8.0=GPIO_EXTI8
USART2.VirtualMode=VM_ASYNC
PA14.Locked=true
ProjectManager.ToolChainLocation=
PA2.GPIO_Label=USART_TX
RCC.LSI_VALUE=32000
VP_SYS_VS_Systick.Signal=SYS_VS_Systick
SH.GPXTI8.ConfNb=1
PA10.Signal=USART1_RX
VP_RTC_VS_RTC_Calendar.Mode=RTC_Calendar
RCC.APB1TimFreq_Value=84000000
NVIC.BusFault_IRQn=true\:0\:0\:false\:false\:true\:true\:false
SPI3.IPParameters=VirtualType,Mode,Direction,CalculateBaudRate,BaudRatePrescaler
SPI2.Direction=SPI_DIRECTION_2LINES
PB10.GPIOParameters=GPIO_Label
PB13.Mode=Full_Duplex_Master
NVIC.USART1_IRQn=true\:0\:0\:false\:false\:true\:true\:true
SPI1.BaudRatePrescaler=SPI_BAUDRATEPRESCALER_8
ProjectManager.CustomerFirmwarePackage=
PC14-OSC32_IN.Locked=true
PB15.Locked=true
PB3.Locked=true
PB4.Signal=SPI3_MISO
PA3.Signal=USART2_RX
PA5.Mode=Full_Duplex_Master
PC13-ANTI_TAMP.GPIOParameters=GPIO_Label,GPIO_ModeDefaultEXTI
PA2.Locked=true
VP_RTC_VS_RTC_Activate.Signal=RTC_VS_RTC_Activate
PC15-OSC32_OUT.Mode=LSE-External-Oscillator
ProjectManager.ProjectFileName=Projekt_Rej_Tre.ioc
PA7.Mode=Full_Duplex_Master
PA10.Mode=Asynchronous
Mcu.PinsNb=30
ProjectManager.NoMain=false
SPI1.IPParameters=VirtualType,Mode,Direction,CalculateBaudRate,BaudRatePrescaler
PC13-ANTI_TAMP.GPIO_Label=B1 [Blue PushButton]
PH1\ -\ OSC_OUT.Mode=HSE-External-Clock-Source
ProjectManager.DefaultFWLocation=true
ProjectManager.DeletePrevious=true
PB14.Locked=true
RCC.APB1CLKDivider=RCC_HCLK_DIV2
PC14-OSC32_IN.Signal=RCC_OSC32_IN
PB10.Locked=true
boardIOC=true
PA9.GPIO_PuPd=GPIO_NOPULL
PH1\ -\ OSC_OUT.Locked=true
RCC.FamilyName=M
PA0-WKUP.GPIO_Label=TFT_CS
PA0-WKUP.Signal=GPIO_Output
PA0-WKUP.Locked=true
PA3.Mode=Asynchronous
PA13.Signal=SYS_JTMS-SWDIO
PA9.Mode=Asynchronous
PH0\ -\ OSC_IN.Mode=HSE-External-Clock-Source
PA8.GPIO_Label=TOUCH_IRQ
PC15-OSC32_OUT.Locked=true
ProjectManager.TargetToolchain=STM32CubeIDE
PB10.GPIO_Label=TOUCH_CS
PA9.Signal=USART1_TX
PB5.Locked=true
SPI2.IPParameters=VirtualType,Mode,Direction,CalculateBaudRate
RCC.VCOInputMFreq_Value=1000000
ProjectManager.RegisterCallBack=
PC15-OSC32_OUT.Signal=RCC_OSC32_OUT
PA1.Signal=GPIO_Output
PB1.Locked=true
VP_FATFS_VS_Generic.Mode=User_defined
PB10.Signal=GPIO_Output
RCC.VCOI2SOutputFreq_Value=192000000
PB14.Signal=SPI2_MISO
PA5.Signal=SPI1_SCK
PH1\ -\ OSC_OUT.Signal=RCC_OSC_OUT
board=NUCLEO-F411RE
RCC.VCOOutputFreq_Value=336000000
PC13-ANTI_TAMP.Locked=true
ProjectManager.LastFirmware=true
PB15.Mode=Full_Duplex_Master
RCC.APB2Freq_Value=84000000
SPI3.CalculateBaudRate=1.3125 MBits/s
MxCube.Version=6.0.0
SPI1.Mode=SPI_MODE_MASTER
SPI3.BaudRatePrescaler=SPI_BAUDRATEPRESCALER_32
PA1.GPIO_Label=TFT_RST
PA10.GPIOParameters=GPIO_PuPd
VP_SYS_VS_Systick.Mode=SysTick
RCC.EthernetFreq_Value=84000000
NVIC.NonMaskableInt_IRQn=true\:0\:0\:false\:false\:true\:true\:false
PA13.Mode=Serial_Wire
ProjectManager.FreePins=false
RCC.IPParameters=48MHZClocksFreq_Value,AHBFreq_Value,APB1CLKDivider,APB1Freq_Value,APB1TimFreq_Value,APB2Freq_Value,APB2TimFreq_Value,CortexFreq_Value,EthernetFreq_Value,FCLKCortexFreq_Value,FLatency-AdvancedSettings,FamilyName,HCLKFreq_Value,HSE_VALUE,HSI_VALUE,I2SClocksFreq_Value,LSI_VALUE,MCO2PinFreq_Value,PLLCLKFreq_Value,PLLN,PLLP,PLLQCLKFreq_Value,RCC_RTC_Clock_Source,RTCFreq_Value,RTCHSEDivFreq_Value,SYSCLKFreq_VALUE,SYSCLKSource,VCOI2SOutputFreq_Value,VCOInputFreq_Value,VCOInputMFreq_Value,VCOOutputFreq_Value,VcooutputI2S
ProjectManager.AskForMigrate=true
Mcu.Name=STM32F411R(C-E)Tx
Mcu.Pin26=VP_FATFS_VS_Generic
Mcu.Pin27=VP_RTC_VS_RTC_Activate
RCC.RTCHSEDivFreq_Value=4000000
PA2.Signal=USART2_TX
PA13.GPIO_Label=TMS
Mcu.Pin24=PB4
ProjectManager.UnderRoot=true
Mcu.Pin25=PB5
Mcu.IP8=USART1
Mcu.IP9=USART2
PC7.GPIO_Label=TFT_DC
Mcu.Pin28=VP_RTC_VS_RTC_Calendar
Mcu.IP6=SPI3
Mcu.Pin29=VP_SYS_VS_Systick
Mcu.IP7=SYS
ProjectManager.CoupleFile=true
RCC.48MHZClocksFreq_Value=84000000
PB4.Locked=true
PB3.Signal=SPI3_SCK
RCC.SYSCLKFreq_VALUE=84000000
Mcu.Pin22=PA14
PB5.Signal=SPI3_MOSI
Mcu.Pin23=PB3
PA1.Locked=true
Mcu.Pin20=PA10
PA3.Locked=true
Mcu.Pin21=PA13
NVIC.ForceEnableDMAVector=true
KeepUserPlacement=false
PA14.GPIOParameters=GPIO_Label
NVIC.MemoryManagement_IRQn=true\:0\:0\:false\:false\:true\:true\:false
PA13.Locked=true
USART1.VirtualMode=VM_ASYNC
ProjectManager.CompilerOptimize=6
PC13-ANTI_TAMP.GPIO_ModeDefaultEXTI=GPIO_MODE_IT_FALLING
NVIC.EXTI9_5_IRQn=true\:0\:0\:false\:true\:true\:1\:true\:true
PA14.Signal=SYS_JTCK-SWCLK
ProjectManager.HeapSize=0x200
Mcu.Pin15=PB14
NVIC.HardFault_IRQn=true\:0\:0\:false\:false\:true\:true\:false
Mcu.Pin16=PB15
Mcu.Pin13=PB10
Mcu.Pin14=PB13
Mcu.Pin19=PA9
ProjectManager.ComputerToolchain=false
Mcu.Pin17=PC7
RCC.HSI_VALUE=16000000
Mcu.Pin18=PA8
RCC.PLLP=RCC_PLLP_DIV4
NVIC.PriorityGroup=NVIC_PRIORITYGROUP_0
Mcu.Pin11=PA7
Mcu.Pin12=PB1
RCC.PLLN=336
Mcu.Pin10=PA6
PA2.Mode=Asynchronous
RCC.APB1Freq_Value=42000000
ProjectManager.DeviceId=STM32F411RETx
ProjectManager.LibraryCopy=1
PA3.GPIO_Label=USART_RX
PB1.GPIOParameters=GPIO_Label
PA7.Signal=SPI1_MOSI
isbadioc=false
